# This file was autogenerated by Stack.
# You should not edit this file by hand.
# For more information, please see the documentation at:
#   https://docs.haskellstack.org/en/stable/lock_files

packages:
- completed:
    hackage: servant-auth-0.4.0.0@sha256:01d02dfb7df4747fc96442517146d7d4ab0e575e597a124e238e8763036ea4ff,2125
    pantry-tree:
      size: 332
      sha256: a7ec2c54fddfa417ee2467f1131b1d83ad43cc29ddfd4b98869fc924e4b5e980
  original:
    hackage: servant-auth-0.4.0.0
- completed:
    hackage: servant-auth-client-0.4.1.0@sha256:a93f041c3c293eca6e2e2e1a2ed97e58fbbd0e123caeff9e484a68d56272632f,3342
    pantry-tree:
      size: 480
      sha256: 7dc49084631585c81a5505b49d041e3152ffb4a561c3ffa175c1977dfebd19ed
  original:
    hackage: servant-auth-client-0.4.1.0
snapshots:
- completed:
    size: 563098
    url: https://raw.githubusercontent.com/commercialhaskell/stackage-snapshots/master/lts/17/1.yaml
    sha256: 395775c03e66a4286f134d50346b0b6f1432131cf542886252984b4cfa5fef69
  original: lts-17.1
